// !$*UTF8*$!
{
	archiveVersion = 1;
	classes = {
	};
	objectVersion = 48;
	objects = {

/* Begin PBXBuildFile section */
		380022E01F9724CE00E062AD /* AppDelegate.swift in Sources */ = {isa = PBXBuildFile; fileRef = 380022DF1F9724CE00E062AD /* AppDelegate.swift */; };
		380022E51F9724CE00E062AD /* Main.storyboard in Resources */ = {isa = PBXBuildFile; fileRef = 380022E31F9724CE00E062AD /* Main.storyboard */; };
		380022E71F9724CE00E062AD /* Assets.xcassets in Resources */ = {isa = PBXBuildFile; fileRef = 380022E61F9724CE00E062AD /* Assets.xcassets */; };
		380022EA1F9724CE00E062AD /* LaunchScreen.storyboard in Resources */ = {isa = PBXBuildFile; fileRef = 380022E81F9724CE00E062AD /* LaunchScreen.storyboard */; };
		380022F21F97312E00E062AD /* RealmModel.swift in Sources */ = {isa = PBXBuildFile; fileRef = 380022F11F97312E00E062AD /* RealmModel.swift */; };
		380022F41F97326600E062AD /* AlbumListViewController.swift in Sources */ = {isa = PBXBuildFile; fileRef = 380022F31F97326600E062AD /* AlbumListViewController.swift */; };
		380022F61F97332200E062AD /* AlbumTableViewCell.swift in Sources */ = {isa = PBXBuildFile; fileRef = 380022F51F97332200E062AD /* AlbumTableViewCell.swift */; };
		380022F81F973A8000E062AD /* PhotoCollectionViewController.swift in Sources */ = {isa = PBXBuildFile; fileRef = 380022F71F973A8000E062AD /* PhotoCollectionViewController.swift */; };
		380022FA1F973B0100E062AD /* PhotoCollectionViewCell.swift in Sources */ = {isa = PBXBuildFile; fileRef = 380022F91F973B0100E062AD /* PhotoCollectionViewCell.swift */; };
		869AA7B9B769D417F02F611A /* Pods_RealmTest.framework in Frameworks */ = {isa = PBXBuildFile; fileRef = 629CA9E51BAFE6CB97717C8D /* Pods_RealmTest.framework */; };
/* End PBXBuildFile section */

/* Begin PBXFileReference section */
		2BE8BABC111E6E076885A786 /* Pods-RealmTest.debug.xcconfig */ = {isa = PBXFileReference; includeInIndex = 1; lastKnownFileType = text.xcconfig; name = "Pods-RealmTest.debug.xcconfig"; path = "Pods/Target Support Files/Pods-RealmTest/Pods-RealmTest.debug.xcconfig"; sourceTree = "<group>"; };
		380022DC1F9724CE00E062AD /* RealmTest.app */ = {isa = PBXFileReference; explicitFileType = wrapper.application; includeInIndex = 0; path = RealmTest.app; sourceTree = BUILT_PRODUCTS_DIR; };
		380022DF1F9724CE00E062AD /* AppDelegate.swift */ = {isa = PBXFileReference; lastKnownFileType = sourcecode.swift; path = AppDelegate.swift; sourceTree = "<group>"; };
		380022E41F9724CE00E062AD /* Base */ = {isa = PBXFileReference; lastKnownFileType = file.storyboard; name = Base; path = Base.lproj/Main.storyboard; sourceTree = "<group>"; };
		380022E61F9724CE00E062AD /* Assets.xcassets */ = {isa = PBXFileReference; lastKnownFileType = folder.assetcatalog; path = Assets.xcassets; sourceTree = "<group>"; };
		380022E91F9724CE00E062AD /* Base */ = {isa = PBXFileReference; lastKnownFileType = file.storyboard; name = Base; path = Base.lproj/LaunchScreen.storyboard; sourceTree = "<group>"; };
		380022EB1F9724CE00E062AD /* Info.plist */ = {isa = PBXFileReference; lastKnownFileType = text.plist.xml; path = Info.plist; sourceTree = "<group>"; };
		380022F11F97312E00E062AD /* RealmModel.swift */ = {isa = PBXFileReference; lastKnownFileType = sourcecode.swift; path = RealmModel.swift; sourceTree = "<group>"; };
		380022F31F97326600E062AD /* AlbumListViewController.swift */ = {isa = PBXFileReference; lastKnownFileType = sourcecode.swift; path = AlbumListViewController.swift; sourceTree = "<group>"; };
		380022F51F97332200E062AD /* AlbumTableViewCell.swift */ = {isa = PBXFileReference; lastKnownFileType = sourcecode.swift; path = AlbumTableViewCell.swift; sourceTree = "<group>"; };
		380022F71F973A8000E062AD /* PhotoCollectionViewController.swift */ = {isa = PBXFileReference; lastKnownFileType = sourcecode.swift; path = PhotoCollectionViewController.swift; sourceTree = "<group>"; };
		380022F91F973B0100E062AD /* PhotoCollectionViewCell.swift */ = {isa = PBXFileReference; lastKnownFileType = sourcecode.swift; path = PhotoCollectionViewCell.swift; sourceTree = "<group>"; };
		5FC42CFBBAECA29506AF9356 /* Pods-RealmTest.release.xcconfig */ = {isa = PBXFileReference; includeInIndex = 1; lastKnownFileType = text.xcconfig; name = "Pods-RealmTest.release.xcconfig"; path = "Pods/Target Support Files/Pods-RealmTest/Pods-RealmTest.release.xcconfig"; sourceTree = "<group>"; };
		629CA9E51BAFE6CB97717C8D /* Pods_RealmTest.framework */ = {isa = PBXFileReference; explicitFileType = wrapper.framework; includeInIndex = 0; path = Pods_RealmTest.framework; sourceTree = BUILT_PRODUCTS_DIR; };
/* End PBXFileReference section */

/* Begin PBXFrameworksBuildPhase section */
		380022D91F9724CE00E062AD /* Frameworks */ = {
			isa = PBXFrameworksBuildPhase;
			buildActionMask = 2147483647;
			files = (
				869AA7B9B769D417F02F611A /* Pods_RealmTest.framework in Frameworks */,
			);
			runOnlyForDeploymentPostprocessing = 0;
		};
/* End PBXFrameworksBuildPhase section */

/* Begin PBXGroup section */
		380022D31F9724CD00E062AD = {
			isa = PBXGroup;
			children = (
				380022DE1F9724CE00E062AD /* RealmTest */,
				380022DD1F9724CE00E062AD /* Products */,
				7D56E0558677263186F630AC /* Pods */,
				71E79199FE40E69ACCE7FBFC /* Frameworks */,
			);
			sourceTree = "<group>";
		};
		380022DD1F9724CE00E062AD /* Products */ = {
			isa = PBXGroup;
			children = (
				380022DC1F9724CE00E062AD /* RealmTest.app */,
			);
			name = Products;
			sourceTree = "<group>";
		};
		380022DE1F9724CE00E062AD /* RealmTest */ = {
			isa = PBXGroup;
			children = (
				380022DF1F9724CE00E062AD /* AppDelegate.swift */,
				380022F11F97312E00E062AD /* RealmModel.swift */,
				380022F31F97326600E062AD /* AlbumListViewController.swift */,
				380022F51F97332200E062AD /* AlbumTableViewCell.swift */,
				380022F71F973A8000E062AD /* PhotoCollectionViewController.swift */,
				380022F91F973B0100E062AD /* PhotoCollectionViewCell.swift */,
				380022E31F9724CE00E062AD /* Main.storyboard */,
				380022E61F9724CE00E062AD /* Assets.xcassets */,
				380022E81F9724CE00E062AD /* LaunchScreen.storyboard */,
				380022EB1F9724CE00E062AD /* Info.plist */,
			);
			path = RealmTest;
			sourceTree = "<group>";
		};
		71E79199FE40E69ACCE7FBFC /* Frameworks */ = {
			isa = PBXGroup;
			children = (
				629CA9E51BAFE6CB97717C8D /* Pods_RealmTest.framework */,
			);
			name = Frameworks;
			sourceTree = "<group>";
		};
		7D56E0558677263186F630AC /* Pods */ = {
			isa = PBXGroup;
			children = (
				2BE8BABC111E6E076885A786 /* Pods-RealmTest.debug.xcconfig */,
				5FC42CFBBAECA29506AF9356 /* Pods-RealmTest.release.xcconfig */,
			);
			name = Pods;
			sourceTree = "<group>";
		};
/* End PBXGroup section */

/* Begin PBXNativeTarget section */
		380022DB1F9724CE00E062AD /* RealmTest */ = {
			isa = PBXNativeTarget;
			buildConfigurationList = 380022EE1F9724CE00E062AD /* Build configuration list for PBXNativeTarget "RealmTest" */;
			buildPhases = (
				BDE76359CCF4DD2D941F8BE1 /* [CP] Check Pods Manifest.lock */,
				380022D81F9724CE00E062AD /* Sources */,
				380022D91F9724CE00E062AD /* Frameworks */,
				380022DA1F9724CE00E062AD /* Resources */,
				19FA821154B907B74C7969B7 /* [CP] Embed Pods Frameworks */,
				0BDB1E4B035FF216F93C703E /* [CP] Copy Pods Resources */,
			);
			buildRules = (
			);
			dependencies = (
			);
			name = RealmTest;
			productName = RealmTest;
			productReference = 380022DC1F9724CE00E062AD /* RealmTest.app */;
			productType = "com.apple.product-type.application";
		};
/* End PBXNativeTarget section */

/* Begin PBXProject section */
		380022D41F9724CD00E062AD /* Project object */ = {
			isa = PBXProject;
			attributes = {
				LastSwiftUpdateCheck = 0900;
				LastUpgradeCheck = 0900;
				TargetAttributes = {
					380022DB1F9724CE00E062AD = {
						CreatedOnToolsVersion = 9.0;
						ProvisioningStyle = Manual;
					};
				};
			};
			buildConfigurationList = 380022D71F9724CD00E062AD /* Build configuration list for PBXProject "RealmTest" */;
			compatibilityVersion = "Xcode 8.0";
			developmentRegion = en;
			hasScannedForEncodings = 0;
			knownRegions = (
				en,
				Base,
			);
			mainGroup = 380022D31F9724CD00E062AD;
			productRefGroup = 380022DD1F9724CE00E062AD /* Products */;
			projectDirPath = "";
			projectRoot = "";
			targets = (
				380022DB1F9724CE00E062AD /* RealmTest */,
			);
		};
/* End PBXProject section */

/* Begin PBXResourcesBuildPhase section */
		380022DA1F9724CE00E062AD /* Resources */ = {
			isa = PBXResourcesBuildPhase;
			buildActionMask = 2147483647;
			files = (
				380022EA1F9724CE00E062AD /* LaunchScreen.storyboard in Resources */,
				380022E71F9724CE00E062AD /* Assets.xcassets in Resources */,
				380022E51F9724CE00E062AD /* Main.storyboard in Resources */,
			);
			runOnlyForDeploymentPostprocessing = 0;
		};
/* End PBXResourcesBuildPhase section */

/* Begin PBXShellScriptBuildPhase section */
		0BDB1E4B035FF216F93C703E /* [CP] Copy Pods Resources */ = {
			isa = PBXShellScriptBuildPhase;
			buildActionMask = 2147483647;
			files = (
			);
			inputPaths = (
			);
			name = "[CP] Copy Pods Resources";
			outputPaths = (
			);
			runOnlyForDeploymentPostprocessing = 0;
			shellPath = /bin/sh;
			shellScript = "\"${SRCROOT}/Pods/Target Support Files/Pods-RealmTest/Pods-RealmTest-resources.sh\"\n";
			showEnvVarsInLog = 0;
		};
		19FA821154B907B74C7969B7 /* [CP] Embed Pods Frameworks */ = {
			isa = PBXShellScriptBuildPhase;
			buildActionMask = 2147483647;
			files = (
			);
			inputPaths = (
				"${SRCROOT}/Pods/Target Support Files/Pods-RealmTest/Pods-RealmTest-frameworks.sh",
				"${BUILT_PRODUCTS_DIR}/Realm/Realm.framework",
				"${BUILT_PRODUCTS_DIR}/RealmSwift/RealmSwift.framework",
			);
			name = "[CP] Embed Pods Frameworks";
			outputPaths = (
				"${TARGET_BUILD_DIR}/${FRAMEWORKS_FOLDER_PATH}/Realm.framework",
				"${TARGET_BUILD_DIR}/${FRAMEWORKS_FOLDER_PATH}/RealmSwift.framework",
			);
			runOnlyForDeploymentPostprocessing = 0;
			shellPath = /bin/sh;
			shellScript = "\"${SRCROOT}/Pods/Target Support Files/Pods-RealmTest/Pods-RealmTest-frameworks.sh\"\n";
			showEnvVarsInLog = 0;
		};
		BDE76359CCF4DD2D941F8BE1 /* [CP] Check Pods Manifest.lock */ = {
			isa = PBXShellScriptBuildPhase;
			buildActionMask = 2147483647;
			files = (
			);
			inputPaths = (
				"${PODS_PODFILE_DIR_PATH}/Podfile.lock",
				"${PODS_ROOT}/Manifest.lock",
			);
			name = "[CP] Check Pods Manifest.lock";
			outputPaths = (
				"$(DERIVED_FILE_DIR)/Pods-RealmTest-checkManifestLockResult.txt",
			);
			runOnlyForDeploymentPostprocessing = 0;
			shellPath = /bin/sh;
			shellScript = "diff \"${PODS_PODFILE_DIR_PATH}/Podfile.lock\" \"${PODS_ROOT}/Manifest.lock\" > /dev/null\nif [ $? != 0 ] ; then\n    # print error to STDERR\n    echo \"error: The sandbox is not in sync with the Podfile.lock. Run 'pod install' or update your CocoaPods installation.\" >&2\n    exit 1\nfi\n# This output is used by Xcode 'outputs' to avoid re-running this script phase.\necho \"SUCCESS\" > \"${SCRIPT_OUTPUT_FILE_0}\"\n";
			showEnvVarsInLog = 0;
		};
/* End PBXShellScriptBuildPhase section */

/* Begin PBXSourcesBuildPhase section */
		380022D81F9724CE00E062AD /* Sources */ = {
			isa = PBXSourcesBuildPhase;
			buildActionMask = 2147483647;
			files = (
				380022F81F973A8000E062AD /* PhotoCollectionViewController.swift in Sources */,
				380022F61F97332200E062AD /* AlbumTableViewCell.swift in Sources */,
				380022F41F97326600E062AD /* AlbumListViewController.swift in Sources */,
				380022F21F97312E00E062AD /* RealmModel.swift in Sources */,
				380022E01F9724CE00E062AD /* AppDelegate.swift in Sources */,
				380022FA1F973B0100E062AD /* PhotoCollectionViewCell.swift in Sources */,
			);
			runOnlyForDeploymentPostprocessing = 0;
		};
/* End PBXSourcesBuildPhase section */

/* Begin PBXVariantGroup section */
		380022E31F9724CE00E062AD /* Main.storyboard */ = {
			isa = PBXVariantGroup;
			children = (
				380022E41F9724CE00E062AD /* Base */,
			);
			name = Main.storyboard;
			sourceTree = "<group>";
		};
		380022E81F9724CE00E062AD /* LaunchScreen.storyboard */ = {
			isa = PBXVariantGroup;
			children = (
				380022E91F9724CE00E062AD /* Base */,
			);
			name = LaunchScreen.storyboard;
			sourceTree = "<group>";
		};
/* End PBXVariantGroup section */

/* Begin XCBuildConfiguration section */
		380022EC1F9724CE00E062AD /* Debug */ = {
			isa = XCBuildConfiguration;
			buildSettings = {
				ALWAYS_SEARCH_USER_PATHS = NO;
				CLANG_ANALYZER_NONNULL = YES;
				CLANG_ANALYZER_NUMBER_OBJECT_CONVERSION = YES_AGGRESSIVE;
				CLANG_CXX_LANGUAGE_STANDARD = "gnu++14";
				CLANG_CXX_LIBRARY = "libc++";
				CLANG_ENABLE_MODULES = YES;
				CLANG_ENABLE_OBJC_ARC = YES;
				CLANG_WARN_BLOCK_CAPTURE_AUTORELEASING = YES;
				CLANG_WARN_BOOL_CONVERSION = YES;
				CLANG_WARN_COMMA = YES;
				CLANG_WARN_CONSTANT_CONVERSION = YES;
				CLANG_WARN_DIRECT_OBJC_ISA_USAGE = YES_ERROR;
				CLANG_WARN_DOCUMENTATION_COMMENTS = YES;
				CLANG_WARN_EMPTY_BODY = YES;
				CLANG_WARN_ENUM_CONVERSION = YES;
				CLANG_WARN_INFINITE_RECURSION = YES;
				CLANG_WARN_INT_CONVERSION = YES;
				CLANG_WARN_NON_LITERAL_NULL_CONVERSION = YES;
				CLANG_WARN_OBJC_LITERAL_CONVERSION = YES;
				CLANG_WARN_OBJC_ROOT_CLASS = YES_ERROR;
				CLANG_WARN_RANGE_LOOP_ANALYSIS = YES;
				CLANG_WARN_STRICT_PROTOTYPES = YES;
				CLANG_WARN_SUSPICIOUS_MOVE = YES;
				CLANG_WARN_UNGUARDED_AVAILABILITY = YES_AGGRESSIVE;
				CLANG_WARN_UNREACHABLE_CODE = YES;
				CLANG_WARN__DUPLICATE_METHOD_MATCH = YES;
				CODE_SIGN_IDENTITY = "iPhone Developer";
				COPY_PHASE_STRIP = NO;
				DEBUG_INFORMATION_FORMAT = dwarf;
				ENABLE_STRICT_OBJC_MSGSEND = YES;
				ENABLE_TESTABILITY = YES;
				GCC_C_LANGUAGE_STANDARD = gnu11;
				GCC_DYNAMIC_NO_PIC = NO;
				GCC_NO_COMMON_BLOCKS = YES;
				GCC_OPTIMIZATION_LEVEL = 0;
				GCC_PREPROCESSOR_DEFINITIONS = (
					"DEBUG=1",
					"$(inherited)",
				);
				GCC_WARN_64_TO_32_BIT_CONVERSION = YES;
				GCC_WARN_ABOUT_RETURN_TYPE = YES_ERROR;
				GCC_WARN_UNDECLARED_SELECTOR = YES;
				GCC_WARN_UNINITIALIZED_AUTOS = YES_AGGRESSIVE;
				GCC_WARN_UNUSED_FUNCTION = YES;
				GCC_WARN_UNUSED_VARIABLE = YES;
				IPHONEOS_DEPLOYMENT_TARGET = 11.0;
				MTL_ENABLE_DEBUG_INFO = YES;
				ONLY_ACTIVE_ARCH = YES;
				SDKROOT = iphoneos;
				SWIFT_ACTIVE_COMPILATION_CONDITIONS = DEBUG;
				SWIFT_OPTIMIZATION_LEVEL = "-Onone";
			};
			name = Debug;
		};
		380022ED1F9724CE00E062AD /* Release */ = {
			isa = XCBuildConfiguration;
			buildSettings = {
				ALWAYS_SEARCH_USER_PATHS = NO;
				CLANG_ANALYZER_NONNULL = YES;
				CLANG_ANALYZER_NUMBER_OBJECT_CONVERSION = YES_AGGRESSIVE;
				CLANG_CXX_LANGUAGE_STANDARD = "gnu++14";
				CLANG_CXX_LIBRARY = "libc++";
				CLANG_ENABLE_MODULES = YES;
				CLANG_ENABLE_OBJC_ARC = YES;
				CLANG_WARN_BLOCK_CAPTURE_AUTORELEASING = YES;
				CLANG_WARN_BOOL_CONVERSION = YES;
				CLANG_WARN_COMMA = YES;
				CLANG_WARN_CONSTANT_CONVERSION = YES;
				CLANG_WARN_DIRECT_OBJC_ISA_USAGE = YES_ERROR;
				CLANG_WARN_DOCUMENTATION_COMMENTS = YES;
				CLANG_WARN_EMPTY_BODY = YES;
				CLANG_WARN_ENUM_CONVERSION = YES;
				CLANG_WARN_INFINITE_RECURSION = YES;
				CLANG_WARN_INT_CONVERSION = YES;
				CLANG_WARN_NON_LITERAL_NULL_CONVERSION = YES;
				CLANG_WARN_OBJC_LITERAL_CONVERSION = YES;
				CLANG_WARN_OBJC_ROOT_CLASS = YES_ERROR;
				CLANG_WARN_RANGE_LOOP_ANALYSIS = YES;
				CLANG_WARN_STRICT_PROTOTYPES = YES;
				CLANG_WARN_SUSPICIOUS_MOVE = YES;
				CLANG_WARN_UNGUARDED_AVAILABILITY = YES_AGGRESSIVE;
				CLANG_WARN_UNREACHABLE_CODE = YES;
				CLANG_WARN__DUPLICATE_METHOD_MATCH = YES;
				CODE_SIGN_IDENTITY = "iPhone Developer";
				COPY_PHASE_STRIP = NO;
				DEBUG_INFORMATION_FORMAT = "dwarf-with-dsym";
				ENABLE_NS_ASSERTIONS = NO;
				ENABLE_STRICT_OBJC_MSGSEND = YES;
				GCC_C_LANGUAGE_STANDARD = gnu11;
				GCC_NO_COMMON_BLOCKS = YES;
				GCC_WARN_64_TO_32_BIT_CONVERSION = YES;
				GCC_WARN_ABOUT_RETURN_TYPE = YES_ERROR;
				GCC_WARN_UNDECLARED_SELECTOR = YES;
				GCC_WARN_UNINITIALIZED_AUTOS = YES_AGGRESSIVE;
				GCC_WARN_UNUSED_FUNCTION = YES;
				GCC_WARN_UNUSED_VARIABLE = YES;
				IPHONEOS_DEPLOYMENT_TARGET = 11.0;
				MTL_ENABLE_DEBUG_INFO = NO;
				SDKROOT = iphoneos;
				SWIFT_OPTIMIZATION_LEVEL = "-Owholemodule";
				VALIDATE_PRODUCT = YES;
			};
			name = Release;
		};
		380022EF1F9724CE00E062AD /* Debug */ = {
			isa = XCBuildConfiguration;
			baseConfigurationReference = 2BE8BABC111E6E076885A786 /* Pods-RealmTest.debug.xcconfig */;
			buildSettings = {
				ASSETCATALOG_COMPILER_APPICON_NAME = AppIcon;
				CODE_SIGN_STYLE = Manual;
				DEVELOPMENT_TEAM = "";
				INFOPLIST_FILE = RealmTest/Info.plist;
				IPHONEOS_DEPLOYMENT_TARGET = 9.0;
				LD_RUNPATH_SEARCH_PATHS = "$(inherited) @executable_path/Frameworks";
				PRODUCT_BUNDLE_IDENTIFIER = com.nastillmatic.RealmTest;
				PRODUCT_NAME = "$(TARGET_NAME)";
				PROVISIONING_PROFILE = "";
				PROVISIONING_PROFILE_SPECIFIER = "";
				SWIFT_VERSION = 4.0;
				TARGETED_DEVICE_FAMILY = "1,2";
			};
			name = Debug;
		};
		380022F01F9724CE00E062AD /* Release */ = {
			isa = XCBuildConfiguration;
			baseConfigurationReference = 5FC42CFBBAECA29506AF9356 /* Pods-RealmTest.release.xcconfig */;
			buildSettings = {
				ASSETCATALOG_COMPILER_APPICON_NAME = AppIcon;
				CODE_SIGN_STYLE = Manual;
				DEVELOPMENT_TEAM = "";
				INFOPLIST_FILE = RealmTest/Info.plist;
				IPHONEOS_DEPLOYMENT_TARGET = 9.0;
				LD_RUNPATH_SEARCH_PATHS = "$(inherited) @executable_path/Frameworks";
				PRODUCT_BUNDLE_IDENTIFIER = com.nastillmatic.RealmTest;
				PRODUCT_NAME = "$(TARGET_NAME)";
				PROVISIONING_PROFILE_SPECIFIER = "";
				SWIFT_VERSION = 4.0;
				TARGETED_DEVICE_FAMILY = "1,2";
			};
			name = Release;
		};
/* End XCBuildConfiguration section */

/* Begin XCConfigurationList section */
		380022D71F9724CD00E062AD /* Build configuration list for PBXProject "RealmTest" */ = {
			isa = XCConfigurationList;
			buildConfigurations = (
				380022EC1F9724CE00E062AD /* Debug */,
				380022ED1F9724CE00E062AD /* Release */,
			);
			defaultConfigurationIsVisible = 0;
			defaultConfigurationName = Release;
		};
		380022EE1F9724CE00E062AD /* Build configuration list for PBXNativeTarget "RealmTest" */ = {
			isa = XCConfigurationList;
			buildConfigurations = (
				380022EF1F9724CE00E062AD /* Debug */,
				380022F01F9724CE00E062AD /* Release */,
			);
			defaultConfigurationIsVisible = 0;
			defaultConfigurationName = Release;
		};
/* End XCConfigurationList section */
	};
	rootObject = 380022D41F9724CD00E062AD /* Project object */;
}
